
Microsoft Visual Studio Solution File, Format Version 12.00
# Visual Studio 15
VisualStudioVersion = 15.0.28307.438
MinimumVisualStudioVersion = 10.0.40219.1
Project("{9A19103F-16F7-4668-BE54-9A1E7A4F7556}") = "SnowboardShop", "SnowboardShop\SnowboardShop.csproj", "{603AE46E-355C-41AE-90AA-9D62006DCEF5}"
EndProject
Project("{9A19103F-16F7-4668-BE54-9A1E7A4F7556}") = "SnowboardShop.Data", "SnowboardShop.Data\SnowboardShop.Data.csproj", "{7E8C5F75-4998-40CF-859E-B2451F6B90CF}"
EndProject
Project("{9A19103F-16F7-4668-BE54-9A1E7A4F7556}") = "SnowboardShop.Data.Models", "SnowboardShop.Data.Models\SnowboardShop.Data.Models.csproj", "{8FE06AD5-5669-4CC9-B6B7-661AE8A5A864}"
EndProject
Project("{9A19103F-16F7-4668-BE54-9A1E7A4F7556}") = "SnowboardShop.Services", "SnowboardShop.Services\SnowboardShop.Services.csproj", "{418A04A2-D2F4-4E76-9B97-5A1FAFA5EEE2}"
EndProject
Project("{9A19103F-16F7-4668-BE54-9A1E7A4F7556}") = "SnowboardShop.ViewModels", "SnowboardShop.ViewModels\SnowboardShop.ViewModels.csproj", "{32A2DACB-5ACE-4676-BC08-8339A37B3CD8}"
EndProject
Project("{9A19103F-16F7-4668-BE54-9A1E7A4F7556}") = "SnowboardShop.Tests", "SnowboardShop.Tests\SnowboardShop.Tests.csproj", "{32E83B24-D69C-4389-8020-101230AA2715}"
EndProject
Global
	GlobalSection(SolutionConfigurationPlatforms) = preSolution
		Debug|Any CPU = Debug|Any CPU
		Release|Any CPU = Release|Any CPU
	EndGlobalSection
	GlobalSection(ProjectConfigurationPlatforms) = postSolution
		{603AE46E-355C-41AE-90AA-9D62006DCEF5}.Debug|Any CPU.ActiveCfg = Debug|Any CPU
		{603AE46E-355C-41AE-90AA-9D62006DCEF5}.Debug|Any CPU.Build.0 = Debug|Any CPU
		{603AE46E-355C-41AE-90AA-9D62006DCEF5}.Release|Any CPU.ActiveCfg = Release|Any CPU
		{603AE46E-355C-41AE-90AA-9D62006DCEF5}.Release|Any CPU.Build.0 = Release|Any CPU
		{7E8C5F75-4998-40CF-859E-B2451F6B90CF}.Debug|Any CPU.ActiveCfg = Debug|Any CPU
		{7E8C5F75-4998-40CF-859E-B2451F6B90CF}.Debug|Any CPU.Build.0 = Debug|Any CPU
		{7E8C5F75-4998-40CF-859E-B2451F6B90CF}.Release|Any CPU.ActiveCfg = Release|Any CPU
		{7E8C5F75-4998-40CF-859E-B2451F6B90CF}.Release|Any CPU.Build.0 = Release|Any CPU
		{8FE06AD5-5669-4CC9-B6B7-661AE8A5A864}.Debug|Any CPU.ActiveCfg = Debug|Any CPU
		{8FE06AD5-5669-4CC9-B6B7-661AE8A5A864}.Debug|Any CPU.Build.0 = Debug|Any CPU
		{8FE06AD5-5669-4CC9-B6B7-661AE8A5A864}.Release|Any CPU.ActiveCfg = Release|Any CPU
		{8FE06AD5-5669-4CC9-B6B7-661AE8A5A864}.Release|Any CPU.Build.0 = Release|Any CPU
		{418A04A2-D2F4-4E76-9B97-5A1FAFA5EEE2}.Debug|Any CPU.ActiveCfg = Debug|Any CPU
		{418A04A2-D2F4-4E76-9B97-5A1FAFA5EEE2}.Debug|Any CPU.Build.0 = Debug|Any CPU
		{418A04A2-D2F4-4E76-9B97-5A1FAFA5EEE2}.Release|Any CPU.ActiveCfg = Release|Any CPU
		{418A04A2-D2F4-4E76-9B97-5A1FAFA5EEE2}.Release|Any CPU.Build.0 = Release|Any CPU
		{32A2DACB-5ACE-4676-BC08-8339A37B3CD8}.Debug|Any CPU.ActiveCfg = Debug|Any CPU
		{32A2DACB-5ACE-4676-BC08-8339A37B3CD8}.Debug|Any CPU.Build.0 = Debug|Any CPU
		{32A2DACB-5ACE-4676-BC08-8339A37B3CD8}.Release|Any CPU.ActiveCfg = Release|Any CPU
		{32A2DACB-5ACE-4676-BC08-8339A37B3CD8}.Release|Any CPU.Build.0 = Release|Any CPU
		{32E83B24-D69C-4389-8020-101230AA2715}.Debug|Any CPU.ActiveCfg = Debug|Any CPU
		{32E83B24-D69C-4389-8020-101230AA2715}.Debug|Any CPU.Build.0 = Debug|Any CPU
		{32E83B24-D69C-4389-8020-101230AA2715}.Release|Any CPU.ActiveCfg = Release|Any CPU
		{32E83B24-D69C-4389-8020-101230AA2715}.Release|Any CPU.Build.0 = Release|Any CPU
	EndGlobalSection
	GlobalSection(SolutionProperties) = preSolution
		HideSolutionNode = FALSE
	EndGlobalSection
	GlobalSection(ExtensibilityGlobals) = postSolution
		SolutionGuid = {E4D128BC-5C9D-487F-887B-0019AAB486E3}
	EndGlobalSection
EndGlobal
